
Microsoft Visual Studio Solution File, Format Version 12.00
# Visual Studio Version 16
VisualStudioVersion = 16.6.30114.105
MinimumVisualStudioVersion = 10.0.40219.1
Project("{2150E333-8FDC-42A3-9474-1A3956D46DE8}") = "common", "common", "{8B0510DA-87F1-43E6-9A28-27FCB942F98E}"
ProjectSection(SolutionItems) = preProject
	README.md = README.md
	.gitignore = .gitignore
	Dockerfile = Dockerfile
	boubded_context_canvas.drawio = boubded_context_canvas.drawio
EndProjectSection
EndProject
Project("{2150E333-8FDC-42A3-9474-1A3956D46DE8}") = "src", "src", "{B4B8BB32-3202-4182-9422-09FCEC700297}"
EndProject
Project("{2150E333-8FDC-42A3-9474-1A3956D46DE8}") = "tests", "tests", "{C149391B-5B99-4DB1-B09F-48A3B6B8E88C}"
EndProject
Project("{FAE04EC0-301F-11D3-BF4B-00C04F79EFBC}") = "MerchandiseService", "src\MerchandiseService\MerchandiseService.csproj", "{B78E7DAF-5385-493D-8113-225396FEA4F5}"
EndProject
Project("{2150E333-8FDC-42A3-9474-1A3956D46DE8}") = "deploy", "deploy", "{0CDA0FBE-6D4E-4269-8F2C-F777C4D312BE}"
ProjectSection(SolutionItems) = preProject
	deploy\docker-compose.yaml = deploy\docker-compose.yaml
EndProjectSection
EndProject
Project("{FAE04EC0-301F-11D3-BF4B-00C04F79EFBC}") = "MerchandiseService.Grpc", "src\MerchandiseService.Grpc\MerchandiseService.Grpc.csproj", "{148B8F9A-2FA5-49C8-A314-FF81797EE1F4}"
EndProject
Project("{FAE04EC0-301F-11D3-BF4B-00C04F79EFBC}") = "MerchandiseService.HttpClients", "src\MerchandiseService.HttpClients\MerchandiseService.HttpClients.csproj", "{EBC5C019-A920-479F-8A8E-A218F4B498EB}"
EndProject
Project("{FAE04EC0-301F-11D3-BF4B-00C04F79EFBC}") = "MerchandiseService.Domain", "src\MerchandiseService.Domain\MerchandiseService.Domain.csproj", "{A45002CF-059A-40C7-A4D0-5D343AC05CEC}"
EndProject
Global
	GlobalSection(SolutionConfigurationPlatforms) = preSolution
		Debug|Any CPU = Debug|Any CPU
		Debug|x64 = Debug|x64
		Debug|x86 = Debug|x86
		Release|Any CPU = Release|Any CPU
		Release|x64 = Release|x64
		Release|x86 = Release|x86
	EndGlobalSection
	GlobalSection(SolutionProperties) = preSolution
		HideSolutionNode = FALSE
	EndGlobalSection
	GlobalSection(NestedProjects) = preSolution
		{B78E7DAF-5385-493D-8113-225396FEA4F5} = {B4B8BB32-3202-4182-9422-09FCEC700297}
		{148B8F9A-2FA5-49C8-A314-FF81797EE1F4} = {B4B8BB32-3202-4182-9422-09FCEC700297}
		{EBC5C019-A920-479F-8A8E-A218F4B498EB} = {B4B8BB32-3202-4182-9422-09FCEC700297}
		{A45002CF-059A-40C7-A4D0-5D343AC05CEC} = {B4B8BB32-3202-4182-9422-09FCEC700297}
	EndGlobalSection
	GlobalSection(ProjectConfigurationPlatforms) = postSolution
		{B78E7DAF-5385-493D-8113-225396FEA4F5}.Debug|Any CPU.ActiveCfg = Debug|Any CPU
		{B78E7DAF-5385-493D-8113-225396FEA4F5}.Debug|Any CPU.Build.0 = Debug|Any CPU
		{B78E7DAF-5385-493D-8113-225396FEA4F5}.Debug|x64.ActiveCfg = Debug|Any CPU
		{B78E7DAF-5385-493D-8113-225396FEA4F5}.Debug|x64.Build.0 = Debug|Any CPU
		{B78E7DAF-5385-493D-8113-225396FEA4F5}.Debug|x86.ActiveCfg = Debug|Any CPU
		{B78E7DAF-5385-493D-8113-225396FEA4F5}.Debug|x86.Build.0 = Debug|Any CPU
		{B78E7DAF-5385-493D-8113-225396FEA4F5}.Release|Any CPU.ActiveCfg = Release|Any CPU
		{B78E7DAF-5385-493D-8113-225396FEA4F5}.Release|Any CPU.Build.0 = Release|Any CPU
		{B78E7DAF-5385-493D-8113-225396FEA4F5}.Release|x64.ActiveCfg = Release|Any CPU
		{B78E7DAF-5385-493D-8113-225396FEA4F5}.Release|x64.Build.0 = Release|Any CPU
		{B78E7DAF-5385-493D-8113-225396FEA4F5}.Release|x86.ActiveCfg = Release|Any CPU
		{B78E7DAF-5385-493D-8113-225396FEA4F5}.Release|x86.Build.0 = Release|Any CPU
		{148B8F9A-2FA5-49C8-A314-FF81797EE1F4}.Debug|Any CPU.ActiveCfg = Debug|Any CPU
		{148B8F9A-2FA5-49C8-A314-FF81797EE1F4}.Debug|Any CPU.Build.0 = Debug|Any CPU
		{148B8F9A-2FA5-49C8-A314-FF81797EE1F4}.Debug|x64.ActiveCfg = Debug|Any CPU
		{148B8F9A-2FA5-49C8-A314-FF81797EE1F4}.Debug|x64.Build.0 = Debug|Any CPU
		{148B8F9A-2FA5-49C8-A314-FF81797EE1F4}.Debug|x86.ActiveCfg = Debug|Any CPU
		{148B8F9A-2FA5-49C8-A314-FF81797EE1F4}.Debug|x86.Build.0 = Debug|Any CPU
		{148B8F9A-2FA5-49C8-A314-FF81797EE1F4}.Release|Any CPU.ActiveCfg = Release|Any CPU
		{148B8F9A-2FA5-49C8-A314-FF81797EE1F4}.Release|Any CPU.Build.0 = Release|Any CPU
		{148B8F9A-2FA5-49C8-A314-FF81797EE1F4}.Release|x64.ActiveCfg = Release|Any CPU
		{148B8F9A-2FA5-49C8-A314-FF81797EE1F4}.Release|x64.Build.0 = Release|Any CPU
		{148B8F9A-2FA5-49C8-A314-FF81797EE1F4}.Release|x86.ActiveCfg = Release|Any CPU
		{148B8F9A-2FA5-49C8-A314-FF81797EE1F4}.Release|x86.Build.0 = Release|Any CPU
		{EBC5C019-A920-479F-8A8E-A218F4B498EB}.Debug|Any CPU.ActiveCfg = Debug|Any CPU
		{EBC5C019-A920-479F-8A8E-A218F4B498EB}.Debug|Any CPU.Build.0 = Debug|Any CPU
		{EBC5C019-A920-479F-8A8E-A218F4B498EB}.Debug|x64.ActiveCfg = Debug|Any CPU
		{EBC5C019-A920-479F-8A8E-A218F4B498EB}.Debug|x64.Build.0 = Debug|Any CPU
		{EBC5C019-A920-479F-8A8E-A218F4B498EB}.Debug|x86.ActiveCfg = Debug|Any CPU
		{EBC5C019-A920-479F-8A8E-A218F4B498EB}.Debug|x86.Build.0 = Debug|Any CPU
		{EBC5C019-A920-479F-8A8E-A218F4B498EB}.Release|Any CPU.ActiveCfg = Release|Any CPU
		{EBC5C019-A920-479F-8A8E-A218F4B498EB}.Release|Any CPU.Build.0 = Release|Any CPU
		{EBC5C019-A920-479F-8A8E-A218F4B498EB}.Release|x64.ActiveCfg = Release|Any CPU
		{EBC5C019-A920-479F-8A8E-A218F4B498EB}.Release|x64.Build.0 = Release|Any CPU
		{EBC5C019-A920-479F-8A8E-A218F4B498EB}.Release|x86.ActiveCfg = Release|Any CPU
		{EBC5C019-A920-479F-8A8E-A218F4B498EB}.Release|x86.Build.0 = Release|Any CPU
		{A45002CF-059A-40C7-A4D0-5D343AC05CEC}.Debug|Any CPU.ActiveCfg = Debug|Any CPU
		{A45002CF-059A-40C7-A4D0-5D343AC05CEC}.Debug|Any CPU.Build.0 = Debug|Any CPU
		{A45002CF-059A-40C7-A4D0-5D343AC05CEC}.Debug|x64.ActiveCfg = Debug|Any CPU
		{A45002CF-059A-40C7-A4D0-5D343AC05CEC}.Debug|x64.Build.0 = Debug|Any CPU
		{A45002CF-059A-40C7-A4D0-5D343AC05CEC}.Debug|x86.ActiveCfg = Debug|Any CPU
		{A45002CF-059A-40C7-A4D0-5D343AC05CEC}.Debug|x86.Build.0 = Debug|Any CPU
		{A45002CF-059A-40C7-A4D0-5D343AC05CEC}.Release|Any CPU.ActiveCfg = Release|Any CPU
		{A45002CF-059A-40C7-A4D0-5D343AC05CEC}.Release|Any CPU.Build.0 = Release|Any CPU
		{A45002CF-059A-40C7-A4D0-5D343AC05CEC}.Release|x64.ActiveCfg = Release|Any CPU
		{A45002CF-059A-40C7-A4D0-5D343AC05CEC}.Release|x64.Build.0 = Release|Any CPU
		{A45002CF-059A-40C7-A4D0-5D343AC05CEC}.Release|x86.ActiveCfg = Release|Any CPU
		{A45002CF-059A-40C7-A4D0-5D343AC05CEC}.Release|x86.Build.0 = Release|Any CPU
	EndGlobalSection
EndGlobal
