
Microsoft Visual Studio Solution File, Format Version 12.00
# Visual Studio Version 16
VisualStudioVersion = 16.6.30114.105
MinimumVisualStudioVersion = 10.0.40219.1
Project("{2150E333-8FDC-42A3-9474-1A3956D46DE8}") = "common", "common", "{D4C4A7A0-30BE-11EC-863B-D1EF4F11846D}"
EndProject
Project("{2150E333-8FDC-42A3-9474-1A3956D46DE8}") = "src", "src", "{D9E8E0C0-30BE-11EC-863B-D1EF4F11846D}"
EndProject
Project("{2150E333-8FDC-42A3-9474-1A3956D46DE8}") = "tests", "tests", "{DCEAD620-30BE-11EC-863B-D1EF4F11846D}"
EndProject
Project("{FAE04EC0-301F-11D3-BF4B-00C04F79EFBC}") = "merchandise-service", "src\merchandise-service.csproj", "{8C161465-4639-41B5-8802-3DE8DBD7FECC}"
EndProject
Global
	GlobalSection(SolutionConfigurationPlatforms) = preSolution
		Debug|Any CPU = Debug|Any CPU
		Debug|x64 = Debug|x64
		Debug|x86 = Debug|x86
		Release|Any CPU = Release|Any CPU
		Release|x64 = Release|x64
		Release|x86 = Release|x86
	EndGlobalSection
	GlobalSection(SolutionProperties) = preSolution
		HideSolutionNode = FALSE
	EndGlobalSection
	GlobalSection(ProjectConfigurationPlatforms) = postSolution
		{8C161465-4639-41B5-8802-3DE8DBD7FECC}.Debug|Any CPU.ActiveCfg = Debug|Any CPU
		{8C161465-4639-41B5-8802-3DE8DBD7FECC}.Debug|Any CPU.Build.0 = Debug|Any CPU
		{8C161465-4639-41B5-8802-3DE8DBD7FECC}.Debug|x64.ActiveCfg = Debug|Any CPU
		{8C161465-4639-41B5-8802-3DE8DBD7FECC}.Debug|x64.Build.0 = Debug|Any CPU
		{8C161465-4639-41B5-8802-3DE8DBD7FECC}.Debug|x86.ActiveCfg = Debug|Any CPU
		{8C161465-4639-41B5-8802-3DE8DBD7FECC}.Debug|x86.Build.0 = Debug|Any CPU
		{8C161465-4639-41B5-8802-3DE8DBD7FECC}.Release|Any CPU.ActiveCfg = Release|Any CPU
		{8C161465-4639-41B5-8802-3DE8DBD7FECC}.Release|Any CPU.Build.0 = Release|Any CPU
		{8C161465-4639-41B5-8802-3DE8DBD7FECC}.Release|x64.ActiveCfg = Release|Any CPU
		{8C161465-4639-41B5-8802-3DE8DBD7FECC}.Release|x64.Build.0 = Release|Any CPU
		{8C161465-4639-41B5-8802-3DE8DBD7FECC}.Release|x86.ActiveCfg = Release|Any CPU
		{8C161465-4639-41B5-8802-3DE8DBD7FECC}.Release|x86.Build.0 = Release|Any CPU
	EndGlobalSection
	GlobalSection(NestedProjects) = preSolution
		{8C161465-4639-41B5-8802-3DE8DBD7FECC} = {D9E8E0C0-30BE-11EC-863B-D1EF4F11846D}
	EndGlobalSection
EndGlobal
